// !$*UTF8*$!
{
	archiveVersion = 1;
	classes = {
	};
	objectVersion = 50;
	objects = {

/* Begin PBXBuildFile section */
		3C26768C2124D52A006053BD /* AppDelegate.swift in Sources */ = {isa = PBXBuildFile; fileRef = 3C26768B2124D52A006053BD /* AppDelegate.swift */; };
		3C2676912124D52A006053BD /* Main.storyboard in Resources */ = {isa = PBXBuildFile; fileRef = 3C26768F2124D52A006053BD /* Main.storyboard */; };
		3C2676932124D52B006053BD /* Assets.xcassets in Resources */ = {isa = PBXBuildFile; fileRef = 3C2676922124D52B006053BD /* Assets.xcassets */; };
		3C2676962124D52B006053BD /* LaunchScreen.storyboard in Resources */ = {isa = PBXBuildFile; fileRef = 3C2676942124D52B006053BD /* LaunchScreen.storyboard */; };
		3CBE6F972125D06D00D05790 /* GameData.swift in Sources */ = {isa = PBXBuildFile; fileRef = 3CBE6F962125D06D00D05790 /* GameData.swift */; };
		3CBE6F992125D0E900D05790 /* GameObject.swift in Sources */ = {isa = PBXBuildFile; fileRef = 3CBE6F982125D0E900D05790 /* GameObject.swift */; };
		3CBE6F9C2125D12600D05790 /* GameDataController.swift in Sources */ = {isa = PBXBuildFile; fileRef = 3CBE6F9B2125D12600D05790 /* GameDataController.swift */; };
		3CBE6F9E2125D14300D05790 /* GameObjectController.swift in Sources */ = {isa = PBXBuildFile; fileRef = 3CBE6F9D2125D14300D05790 /* GameObjectController.swift */; };
		3EA708382125E15B00EB5B18 /* GameMenuViewController.swift in Sources */ = {isa = PBXBuildFile; fileRef = 3EA708372125E15B00EB5B18 /* GameMenuViewController.swift */; };
		3EA7083A2125E16B00EB5B18 /* GameViewController.swift in Sources */ = {isa = PBXBuildFile; fileRef = 3EA708392125E16B00EB5B18 /* GameViewController.swift */; };
/* End PBXBuildFile section */

/* Begin PBXFileReference section */
		3C2676882124D52A006053BD /* game.app */ = {isa = PBXFileReference; explicitFileType = wrapper.application; includeInIndex = 0; path = game.app; sourceTree = BUILT_PRODUCTS_DIR; };
		3C26768B2124D52A006053BD /* AppDelegate.swift */ = {isa = PBXFileReference; lastKnownFileType = sourcecode.swift; path = AppDelegate.swift; sourceTree = "<group>"; };
		3C2676902124D52A006053BD /* Base */ = {isa = PBXFileReference; lastKnownFileType = file.storyboard; name = Base; path = Base.lproj/Main.storyboard; sourceTree = "<group>"; };
		3C2676922124D52B006053BD /* Assets.xcassets */ = {isa = PBXFileReference; lastKnownFileType = folder.assetcatalog; path = Assets.xcassets; sourceTree = "<group>"; };
		3C2676952124D52B006053BD /* Base */ = {isa = PBXFileReference; lastKnownFileType = file.storyboard; name = Base; path = Base.lproj/LaunchScreen.storyboard; sourceTree = "<group>"; };
		3C2676972124D52B006053BD /* Info.plist */ = {isa = PBXFileReference; lastKnownFileType = text.plist.xml; path = Info.plist; sourceTree = "<group>"; };
		3CBE6F962125D06D00D05790 /* GameData.swift */ = {isa = PBXFileReference; lastKnownFileType = sourcecode.swift; path = GameData.swift; sourceTree = "<group>"; };
		3CBE6F982125D0E900D05790 /* GameObject.swift */ = {isa = PBXFileReference; lastKnownFileType = sourcecode.swift; path = GameObject.swift; sourceTree = "<group>"; };
		3CBE6F9B2125D12600D05790 /* GameDataController.swift */ = {isa = PBXFileReference; lastKnownFileType = sourcecode.swift; path = GameDataController.swift; sourceTree = "<group>"; };
		3CBE6F9D2125D14300D05790 /* GameObjectController.swift */ = {isa = PBXFileReference; lastKnownFileType = sourcecode.swift; path = GameObjectController.swift; sourceTree = "<group>"; };
		3EA708372125E15B00EB5B18 /* GameMenuViewController.swift */ = {isa = PBXFileReference; lastKnownFileType = sourcecode.swift; path = GameMenuViewController.swift; sourceTree = "<group>"; };
		3EA708392125E16B00EB5B18 /* GameViewController.swift */ = {isa = PBXFileReference; lastKnownFileType = sourcecode.swift; path = GameViewController.swift; sourceTree = "<group>"; };
/* End PBXFileReference section */

/* Begin PBXFrameworksBuildPhase section */
		3C2676852124D52A006053BD /* Frameworks */ = {
			isa = PBXFrameworksBuildPhase;
			buildActionMask = 2147483647;
			files = (
			);
			runOnlyForDeploymentPostprocessing = 0;
		};
/* End PBXFrameworksBuildPhase section */

/* Begin PBXGroup section */
		3C26767F2124D52A006053BD = {
			isa = PBXGroup;
			children = (
				3C26768A2124D52A006053BD /* game */,
				3C2676892124D52A006053BD /* Products */,
			);
			sourceTree = "<group>";
		};
		3C2676892124D52A006053BD /* Products */ = {
			isa = PBXGroup;
			children = (
				3C2676882124D52A006053BD /* game.app */,
			);
			name = Products;
			sourceTree = "<group>";
		};
		3C26768A2124D52A006053BD /* game */ = {
			isa = PBXGroup;
			children = (
				3C26768B2124D52A006053BD /* AppDelegate.swift */,
				3C26768F2124D52A006053BD /* Main.storyboard */,
				3CBE6FA02125D15200D05790 /* Controllers */,
				3CBE6F9A2125D11700D05790 /* Models */,
				3C26769D2124D880006053BD /* Resources */,
			);
			path = game;
			sourceTree = "<group>";
		};
		3C26769D2124D880006053BD /* Resources */ = {
			isa = PBXGroup;
			children = (
				3C2676922124D52B006053BD /* Assets.xcassets */,
				3C2676942124D52B006053BD /* LaunchScreen.storyboard */,
				3C2676972124D52B006053BD /* Info.plist */,
			);
			path = Resources;
			sourceTree = "<group>";
		};
		3CBE6F9A2125D11700D05790 /* Models */ = {
			isa = PBXGroup;
			children = (
				3CBE6F962125D06D00D05790 /* GameData.swift */,
				3CBE6F982125D0E900D05790 /* GameObject.swift */,
			);
			path = Models;
			sourceTree = "<group>";
		};
		3CBE6F9F2125D14800D05790 /* ModelControllers */ = {
			isa = PBXGroup;
			children = (
				3CBE6F9B2125D12600D05790 /* GameDataController.swift */,
				3CBE6F9D2125D14300D05790 /* GameObjectController.swift */,
			);
			path = ModelControllers;
			sourceTree = "<group>";
		};
		3CBE6FA02125D15200D05790 /* Controllers */ = {
			isa = PBXGroup;
			children = (
				3EA708362125E11900EB5B18 /* ViewControllers */,
				3CBE6F9F2125D14800D05790 /* ModelControllers */,
			);
			path = Controllers;
			sourceTree = "<group>";
		};
		3EA708362125E11900EB5B18 /* ViewControllers */ = {
			isa = PBXGroup;
			children = (
				3EA708372125E15B00EB5B18 /* GameMenuViewController.swift */,
				3EA708392125E16B00EB5B18 /* GameViewController.swift */,
			);
			path = ViewControllers;
			sourceTree = "<group>";
		};
/* End PBXGroup section */

/* Begin PBXNativeTarget section */
		3C2676872124D52A006053BD /* game */ = {
			isa = PBXNativeTarget;
			buildConfigurationList = 3C26769A2124D52B006053BD /* Build configuration list for PBXNativeTarget "game" */;
			buildPhases = (
				3C2676842124D52A006053BD /* Sources */,
				3C2676852124D52A006053BD /* Frameworks */,
				3C2676862124D52A006053BD /* Resources */,
			);
			buildRules = (
			);
			dependencies = (
			);
			name = game;
			productName = game;
			productReference = 3C2676882124D52A006053BD /* game.app */;
			productType = "com.apple.product-type.application";
		};
/* End PBXNativeTarget section */

/* Begin PBXProject section */
		3C2676802124D52A006053BD /* Project object */ = {
			isa = PBXProject;
			attributes = {
				LastSwiftUpdateCheck = 0940;
				LastUpgradeCheck = 0940;
				ORGANIZATIONNAME = ETLanza;
				TargetAttributes = {
					3C2676872124D52A006053BD = {
						CreatedOnToolsVersion = 9.4.1;
						LastSwiftMigration = 1000;
					};
				};
			};
			buildConfigurationList = 3C2676832124D52A006053BD /* Build configuration list for PBXProject "game" */;
			compatibilityVersion = "Xcode 9.3";
			developmentRegion = en;
			hasScannedForEncodings = 0;
			knownRegions = (
				en,
				Base,
			);
			mainGroup = 3C26767F2124D52A006053BD;
			productRefGroup = 3C2676892124D52A006053BD /* Products */;
			projectDirPath = "";
			projectRoot = "";
			targets = (
				3C2676872124D52A006053BD /* game */,
			);
		};
/* End PBXProject section */

/* Begin PBXResourcesBuildPhase section */
		3C2676862124D52A006053BD /* Resources */ = {
			isa = PBXResourcesBuildPhase;
			buildActionMask = 2147483647;
			files = (
				3C2676962124D52B006053BD /* LaunchScreen.storyboard in Resources */,
				3C2676932124D52B006053BD /* Assets.xcassets in Resources */,
				3C2676912124D52A006053BD /* Main.storyboard in Resources */,
			);
			runOnlyForDeploymentPostprocessing = 0;
		};
/* End PBXResourcesBuildPhase section */

/* Begin PBXSourcesBuildPhase section */
		3C2676842124D52A006053BD /* Sources */ = {
			isa = PBXSourcesBuildPhase;
			buildActionMask = 2147483647;
			files = (
				3EA7083A2125E16B00EB5B18 /* GameViewController.swift in Sources */,
				3C26768C2124D52A006053BD /* AppDelegate.swift in Sources */,
				3EA708382125E15B00EB5B18 /* GameMenuViewController.swift in Sources */,
				3CBE6F972125D06D00D05790 /* GameData.swift in Sources */,
				3CBE6F992125D0E900D05790 /* GameObject.swift in Sources */,
				3CBE6F9E2125D14300D05790 /* GameObjectController.swift in Sources */,
				3CBE6F9C2125D12600D05790 /* GameDataController.swift in Sources */,
			);
			runOnlyForDeploymentPostprocessing = 0;
		};
/* End PBXSourcesBuildPhase section */

/* Begin PBXVariantGroup section */
		3C26768F2124D52A006053BD /* Main.storyboard */ = {
			isa = PBXVariantGroup;
			children = (
				3C2676902124D52A006053BD /* Base */,
			);
			name = Main.storyboard;
			sourceTree = "<group>";
		};
		3C2676942124D52B006053BD /* LaunchScreen.storyboard */ = {
			isa = PBXVariantGroup;
			children = (
				3C2676952124D52B006053BD /* Base */,
			);
			name = LaunchScreen.storyboard;
			sourceTree = "<group>";
		};
/* End PBXVariantGroup section */

/* Begin XCBuildConfiguration section */
		3C2676982124D52B006053BD /* Debug */ = {
			isa = XCBuildConfiguration;
			buildSettings = {
				ALWAYS_SEARCH_USER_PATHS = NO;
				CLANG_ANALYZER_NONNULL = YES;
				CLANG_ANALYZER_NUMBER_OBJECT_CONVERSION = YES_AGGRESSIVE;
				CLANG_CXX_LANGUAGE_STANDARD = "gnu++14";
				CLANG_CXX_LIBRARY = "libc++";
				CLANG_ENABLE_MODULES = YES;
				CLANG_ENABLE_OBJC_ARC = YES;
				CLANG_ENABLE_OBJC_WEAK = YES;
				CLANG_WARN_BLOCK_CAPTURE_AUTORELEASING = YES;
				CLANG_WARN_BOOL_CONVERSION = YES;
				CLANG_WARN_COMMA = YES;
				CLANG_WARN_CONSTANT_CONVERSION = YES;
				CLANG_WARN_DEPRECATED_OBJC_IMPLEMENTATIONS = YES;
				CLANG_WARN_DIRECT_OBJC_ISA_USAGE = YES_ERROR;
				CLANG_WARN_DOCUMENTATION_COMMENTS = YES;
				CLANG_WARN_EMPTY_BODY = YES;
				CLANG_WARN_ENUM_CONVERSION = YES;
				CLANG_WARN_INFINITE_RECURSION = YES;
				CLANG_WARN_INT_CONVERSION = YES;
				CLANG_WARN_NON_LITERAL_NULL_CONVERSION = YES;
				CLANG_WARN_OBJC_IMPLICIT_RETAIN_SELF = YES;
				CLANG_WARN_OBJC_LITERAL_CONVERSION = YES;
				CLANG_WARN_OBJC_ROOT_CLASS = YES_ERROR;
				CLANG_WARN_RANGE_LOOP_ANALYSIS = YES;
				CLANG_WARN_STRICT_PROTOTYPES = YES;
				CLANG_WARN_SUSPICIOUS_MOVE = YES;
				CLANG_WARN_UNGUARDED_AVAILABILITY = YES_AGGRESSIVE;
				CLANG_WARN_UNREACHABLE_CODE = YES;
				CLANG_WARN__DUPLICATE_METHOD_MATCH = YES;
				CODE_SIGN_IDENTITY = "iPhone Developer";
				COPY_PHASE_STRIP = NO;
				DEBUG_INFORMATION_FORMAT = dwarf;
				ENABLE_STRICT_OBJC_MSGSEND = YES;
				ENABLE_TESTABILITY = YES;
				GCC_C_LANGUAGE_STANDARD = gnu11;
				GCC_DYNAMIC_NO_PIC = NO;
				GCC_NO_COMMON_BLOCKS = YES;
				GCC_OPTIMIZATION_LEVEL = 0;
				GCC_PREPROCESSOR_DEFINITIONS = (
					"DEBUG=1",
					"$(inherited)",
				);
				GCC_WARN_64_TO_32_BIT_CONVERSION = YES;
				GCC_WARN_ABOUT_RETURN_TYPE = YES_ERROR;
				GCC_WARN_UNDECLARED_SELECTOR = YES;
				GCC_WARN_UNINITIALIZED_AUTOS = YES_AGGRESSIVE;
				GCC_WARN_UNUSED_FUNCTION = YES;
				GCC_WARN_UNUSED_VARIABLE = YES;
				IPHONEOS_DEPLOYMENT_TARGET = 11.4;
				MTL_ENABLE_DEBUG_INFO = YES;
				ONLY_ACTIVE_ARCH = YES;
				SDKROOT = iphoneos;
				SWIFT_ACTIVE_COMPILATION_CONDITIONS = DEBUG;
				SWIFT_OPTIMIZATION_LEVEL = "-Onone";
			};
			name = Debug;
		};
		3C2676992124D52B006053BD /* Release */ = {
			isa = XCBuildConfiguration;
			buildSettings = {
				ALWAYS_SEARCH_USER_PATHS = NO;
				CLANG_ANALYZER_NONNULL = YES;
				CLANG_ANALYZER_NUMBER_OBJECT_CONVERSION = YES_AGGRESSIVE;
				CLANG_CXX_LANGUAGE_STANDARD = "gnu++14";
				CLANG_CXX_LIBRARY = "libc++";
				CLANG_ENABLE_MODULES = YES;
				CLANG_ENABLE_OBJC_ARC = YES;
				CLANG_ENABLE_OBJC_WEAK = YES;
				CLANG_WARN_BLOCK_CAPTURE_AUTORELEASING = YES;
				CLANG_WARN_BOOL_CONVERSION = YES;
				CLANG_WARN_COMMA = YES;
				CLANG_WARN_CONSTANT_CONVERSION = YES;
				CLANG_WARN_DEPRECATED_OBJC_IMPLEMENTATIONS = YES;
				CLANG_WARN_DIRECT_OBJC_ISA_USAGE = YES_ERROR;
				CLANG_WARN_DOCUMENTATION_COMMENTS = YES;
				CLANG_WARN_EMPTY_BODY = YES;
				CLANG_WARN_ENUM_CONVERSION = YES;
				CLANG_WARN_INFINITE_RECURSION = YES;
				CLANG_WARN_INT_CONVERSION = YES;
				CLANG_WARN_NON_LITERAL_NULL_CONVERSION = YES;
				CLANG_WARN_OBJC_IMPLICIT_RETAIN_SELF = YES;
				CLANG_WARN_OBJC_LITERAL_CONVERSION = YES;
				CLANG_WARN_OBJC_ROOT_CLASS = YES_ERROR;
				CLANG_WARN_RANGE_LOOP_ANALYSIS = YES;
				CLANG_WARN_STRICT_PROTOTYPES = YES;
				CLANG_WARN_SUSPICIOUS_MOVE = YES;
				CLANG_WARN_UNGUARDED_AVAILABILITY = YES_AGGRESSIVE;
				CLANG_WARN_UNREACHABLE_CODE = YES;
				CLANG_WARN__DUPLICATE_METHOD_MATCH = YES;
				CODE_SIGN_IDENTITY = "iPhone Developer";
				COPY_PHASE_STRIP = NO;
				DEBUG_INFORMATION_FORMAT = "dwarf-with-dsym";
				ENABLE_NS_ASSERTIONS = NO;
				ENABLE_STRICT_OBJC_MSGSEND = YES;
				GCC_C_LANGUAGE_STANDARD = gnu11;
				GCC_NO_COMMON_BLOCKS = YES;
				GCC_WARN_64_TO_32_BIT_CONVERSION = YES;
				GCC_WARN_ABOUT_RETURN_TYPE = YES_ERROR;
				GCC_WARN_UNDECLARED_SELECTOR = YES;
				GCC_WARN_UNINITIALIZED_AUTOS = YES_AGGRESSIVE;
				GCC_WARN_UNUSED_FUNCTION = YES;
				GCC_WARN_UNUSED_VARIABLE = YES;
				IPHONEOS_DEPLOYMENT_TARGET = 11.4;
				MTL_ENABLE_DEBUG_INFO = NO;
				SDKROOT = iphoneos;
				SWIFT_COMPILATION_MODE = wholemodule;
				SWIFT_OPTIMIZATION_LEVEL = "-O";
				VALIDATE_PRODUCT = YES;
			};
			name = Release;
		};
		3C26769B2124D52B006053BD /* Debug */ = {
			isa = XCBuildConfiguration;
			buildSettings = {
				ASSETCATALOG_COMPILER_APPICON_NAME = AppIcon;
				CODE_SIGN_STYLE = Automatic;
				DEVELOPMENT_TEAM = CYZA2EE6W8;
				INFOPLIST_FILE = "$(SRCROOT)/game/Resources/Info.plist";
				LD_RUNPATH_SEARCH_PATHS = (
					"$(inherited)",
					"@executable_path/Frameworks",
				);
				PRODUCT_BUNDLE_IDENTIFIER = io.Lanza.game;
				PRODUCT_NAME = "$(TARGET_NAME)";
				SWIFT_VERSION = 4.0;
				TARGETED_DEVICE_FAMILY = "1,2";
			};
			name = Debug;
		};
		3C26769C2124D52B006053BD /* Release */ = {
			isa = XCBuildConfiguration;
			buildSettings = {
				ASSETCATALOG_COMPILER_APPICON_NAME = AppIcon;
				CODE_SIGN_STYLE = Automatic;
				DEVELOPMENT_TEAM = CYZA2EE6W8;
				INFOPLIST_FILE = "$(SRCROOT)/game/Resources/Info.plist";
				LD_RUNPATH_SEARCH_PATHS = (
					"$(inherited)",
					"@executable_path/Frameworks",
				);
				PRODUCT_BUNDLE_IDENTIFIER = io.Lanza.game;
				PRODUCT_NAME = "$(TARGET_NAME)";
				SWIFT_VERSION = 4.0;
				TARGETED_DEVICE_FAMILY = "1,2";
			};
			name = Release;
		};
/* End XCBuildConfiguration section */

/* Begin XCConfigurationList section */
		3C2676832124D52A006053BD /* Build configuration list for PBXProject "game" */ = {
			isa = XCConfigurationList;
			buildConfigurations = (
				3C2676982124D52B006053BD /* Debug */,
				3C2676992124D52B006053BD /* Release */,
			);
			defaultConfigurationIsVisible = 0;
			defaultConfigurationName = Release;
		};
		3C26769A2124D52B006053BD /* Build configuration list for PBXNativeTarget "game" */ = {
			isa = XCConfigurationList;
			buildConfigurations = (
				3C26769B2124D52B006053BD /* Debug */,
				3C26769C2124D52B006053BD /* Release */,
			);
			defaultConfigurationIsVisible = 0;
			defaultConfigurationName = Release;
		};
/* End XCConfigurationList section */
	};
	rootObject = 3C2676802124D52A006053BD /* Project object */;
}
